# This file is autogenerated, do not edit; changes may be undone by the next 'dep ensure'.


[[projects]]
  name = "github.com/Azure/azure-amqp-common-go"
  packages = [
    ".",
    "aad",
    "auth",
    "cbs",
    "conn",
    "internal",
    "internal/tracing",
    "log",
    "persist",
    "rpc",
    "sas",
    "uuid"
  ]
  revision = "1fa44b828b6a39462b3d0e6248c69103b02272b2"
  version = "v0.7.0"

[[projects]]
  name = "github.com/Azure/azure-pipeline-go"
  packages = ["pipeline"]
  revision = "7571e8eb0876932ab505918ff7ed5107773e5ee2"
  version = "0.1.7"

[[projects]]
  name = "github.com/Azure/azure-sdk-for-go"
  packages = [
    "services/eventhub/mgmt/2017-04-01/eventhub",
    "services/resources/mgmt/2017-05-10/resources",
    "services/storage/mgmt/2017-10-01/storage",
    "version"
  ]
  revision = "520918e6c8e8e1064154f51d13e02fad92b287b8"
  version = "v19.0.0"

[[projects]]
  name = "github.com/Azure/azure-storage-blob-go"
  packages = ["2016-05-31/azblob"]
  revision = "66ba96e49ebbdc3cd26970c6c675c906d304b5e2"
  version = "0.1.4"

[[projects]]
  name = "github.com/Azure/go-autorest"
  packages = [
    "autorest",
    "autorest/adal",
    "autorest/azure",
    "autorest/azure/auth",
    "autorest/date",
    "autorest/to",
    "autorest/validation",
    "version"
  ]
  revision = "bca49d5b51a50dc5bb17bbf6204c711c6dbded06"
  version = "v10.14.0"

[[projects]]
  branch = "master"
  name = "github.com/codahale/hdrhistogram"
  packages = ["."]
  revision = "3a0bb77429bd3a61596f5e8a3172445844342120"

[[projects]]
  name = "github.com/davecgh/go-spew"
  packages = ["spew"]
  revision = "346938d642f2ec3594ed81d874461961cd0faa76"
  version = "v1.1.0"

[[projects]]
  name = "github.com/dgrijalva/jwt-go"
  packages = ["."]
  revision = "06ea1031745cb8b3dab3f6a236daf2b0aa468b7e"
  version = "v3.2.0"

[[projects]]
  name = "github.com/dimchansky/utfbom"
  packages = ["."]
  revision = "5448fe645cb1964ba70ac8f9f2ffe975e61a536c"
  version = "v1.0.0"

[[projects]]
  branch = "master"
  name = "github.com/mitchellh/mapstructure"
  packages = ["."]
  revision = "f15292f7a699fcc1a38a80977f80a046874ba8ac"

[[projects]]
  name = "github.com/opentracing/opentracing-go"
  packages = [
    ".",
    "ext",
    "log"
  ]
  revision = "1949ddbfd147afd4d964a9f00b24eb291e0e7c38"
  version = "v1.0.2"

[[projects]]
  name = "github.com/pkg/errors"
  packages = ["."]
  revision = "645ef00459ed84a119197bfb8d8205042c6df63d"
  version = "v0.8.0"

[[projects]]
  name = "github.com/pmezard/go-difflib"
  packages = ["difflib"]
  revision = "792786c7400a136282c1664665ae0a8db921c6c2"
  version = "v1.0.0"

[[projects]]
  name = "github.com/sirupsen/logrus"
  packages = ["."]
  revision = "3e01752db0189b9157070a0e1668a620f9a85da2"
  version = "v1.0.6"

[[projects]]
  name = "github.com/stretchr/testify"
  packages = [
    "assert",
    "require",
    "suite"
  ]
  revision = "f35b8ab0b5a2cef36673838d662e249dd9c94686"
  version = "v1.2.2"

[[projects]]
  name = "github.com/uber/jaeger-client-go"
  packages = [
    ".",
    "config",
    "internal/baggage",
    "internal/baggage/remote",
    "internal/spanlog",
    "internal/throttler",
    "internal/throttler/remote",
    "log",
    "rpcmetrics",
    "thrift",
    "thrift-gen/agent",
    "thrift-gen/baggage",
    "thrift-gen/jaeger",
    "thrift-gen/sampling",
    "thrift-gen/zipkincore",
    "utils"
  ]
  revision = "b043381d944715b469fd6b37addfd30145ca1758"
  version = "v2.14.0"

[[projects]]
  name = "github.com/uber/jaeger-lib"
  packages = ["metrics"]
  revision = "ed3a127ec5fef7ae9ea95b01b542c47fbd999ce5"
  version = "v1.5.0"

[[projects]]
  branch = "master"
  name = "golang.org/x/crypto"
  packages = [
    "pkcs12",
    "pkcs12/internal/rc2",
    "ssh/terminal"
  ]
  revision = "c126467f60eb25f8f27e5a981f32a87e3965053f"

[[projects]]
  branch = "master"
  name = "golang.org/x/net"
  packages = ["context"]
  revision = "3673e40ba22529d22c3fd7c93e97b0ce50fa7bdd"

[[projects]]
  branch = "master"
  name = "golang.org/x/sys"
  packages = [
    "unix",
    "windows"
  ]
  revision = "e072cadbbdc8dd3d3ffa82b8b4b9304c261d9311"

[[projects]]
  name = "pack.ag/amqp"
  packages = [
    ".",
    "internal/testconn"
  ]
  revision = "4b9cda815aa2612789543484d4e29855c791eeeb"
  version = "v0.7.0"

[solve-meta]
  analyzer-name = "dep"
  analyzer-version = 1
  inputs-digest = "2b562ea59efa5c044e6728e090533cbe6838f1e0316e634e913dca370b84ffc7"
  solver-name = "gps-cdcl"
  solver-version = 1
